// !$*UTF8*$!
{
	archiveVersion = 1;
	classes = {
	};
	objectVersion = 56;
	objects = {

/* Begin PBXBuildFile section */
		F51CD6BC2A2504DF000BF5ED /* Shaders.metal in Sources */ = {isa = PBXBuildFile; fileRef = F51CD6BB2A2504DF000BF5ED /* Shaders.metal */; };
		F51CD6C02A251ECF000BF5ED /* Body.obj in Resources */ = {isa = PBXBuildFile; fileRef = F51CD6BF2A251ECF000BF5ED /* Body.obj */; };
		F5DCEB3E2A24DFA400D4C0E7 /* RadialColorPickerApp.swift in Sources */ = {isa = PBXBuildFile; fileRef = F5DCEB3D2A24DFA400D4C0E7 /* RadialColorPickerApp.swift */; };
		F5DCEB402A24DFA400D4C0E7 /* ContentView.swift in Sources */ = {isa = PBXBuildFile; fileRef = F5DCEB3F2A24DFA400D4C0E7 /* ContentView.swift */; };
		F5DCEB422A24DFA500D4C0E7 /* Assets.xcassets in Resources */ = {isa = PBXBuildFile; fileRef = F5DCEB412A24DFA500D4C0E7 /* Assets.xcassets */; };
		F5DCEB462A24DFA500D4C0E7 /* Preview Assets.xcassets in Resources */ = {isa = PBXBuildFile; fileRef = F5DCEB452A24DFA500D4C0E7 /* Preview Assets.xcassets */; };
		F5DCEB4D2A24DFC700D4C0E7 /* Renderer.swift in Sources */ = {isa = PBXBuildFile; fileRef = F5DCEB4C2A24DFC700D4C0E7 /* Renderer.swift */; };
		F5DCEB4F2A24E12C00D4C0E7 /* MTKViewContainer.swift in Sources */ = {isa = PBXBuildFile; fileRef = F5DCEB4E2A24E12C00D4C0E7 /* MTKViewContainer.swift */; };
		F5DCEB512A24E25900D4C0E7 /* GPUDevice.swift in Sources */ = {isa = PBXBuildFile; fileRef = F5DCEB502A24E25900D4C0E7 /* GPUDevice.swift */; };
		F5DCEB582A24EAD800D4C0E7 /* GeometryLoader.swift in Sources */ = {isa = PBXBuildFile; fileRef = F5DCEB572A24EAD800D4C0E7 /* GeometryLoader.swift */; };
		F5DCEB602A24EB1C00D4C0E7 /* Matrix.framework in Frameworks */ = {isa = PBXBuildFile; fileRef = F5DCEB5F2A24EB1400D4C0E7 /* Matrix.framework */; };
		F5DCEB612A24EB1C00D4C0E7 /* Matrix.framework in Embed Frameworks */ = {isa = PBXBuildFile; fileRef = F5DCEB5F2A24EB1400D4C0E7 /* Matrix.framework */; settings = {ATTRIBUTES = (CodeSignOnCopy, RemoveHeadersOnCopy, ); }; };
		F5DCEB642A24EB8C00D4C0E7 /* ModelIOTools.swift in Sources */ = {isa = PBXBuildFile; fileRef = F5DCEB632A24EB8C00D4C0E7 /* ModelIOTools.swift */; };
		F5DCEB662A24F6E500D4C0E7 /* Projections.swift in Sources */ = {isa = PBXBuildFile; fileRef = F5DCEB652A24F6E500D4C0E7 /* Projections.swift */; };
		F5DCEB8C2A24FB4100D4C0E7 /* Transform.framework in Frameworks */ = {isa = PBXBuildFile; fileRef = F5DCEB882A24FA9000D4C0E7 /* Transform.framework */; };
		F5DCEB8D2A24FB4100D4C0E7 /* Transform.framework in Embed Frameworks */ = {isa = PBXBuildFile; fileRef = F5DCEB882A24FA9000D4C0E7 /* Transform.framework */; settings = {ATTRIBUTES = (CodeSignOnCopy, RemoveHeadersOnCopy, ); }; };
/* End PBXBuildFile section */

/* Begin PBXContainerItemProxy section */
		F5DCEB5E2A24EB1400D4C0E7 /* PBXContainerItemProxy */ = {
			isa = PBXContainerItemProxy;
			containerPortal = F5DCEB5A2A24EB1400D4C0E7 /* Matrix.xcodeproj */;
			proxyType = 2;
			remoteGlobalIDString = F51B41202A114630007CD349;
			remoteInfo = Matrix;
		};
		F5DCEB872A24FA9000D4C0E7 /* PBXContainerItemProxy */ = {
			isa = PBXContainerItemProxy;
			containerPortal = F5DCEB832A24FA9000D4C0E7 /* Transform.xcodeproj */;
			proxyType = 2;
			remoteGlobalIDString = F5DCEB712A24F93200D4C0E7;
			remoteInfo = Transform;
		};
/* End PBXContainerItemProxy section */

/* Begin PBXCopyFilesBuildPhase section */
		F5DCEB622A24EB1C00D4C0E7 /* Embed Frameworks */ = {
			isa = PBXCopyFilesBuildPhase;
			buildActionMask = 2147483647;
			dstPath = "";
			dstSubfolderSpec = 10;
			files = (
				F5DCEB612A24EB1C00D4C0E7 /* Matrix.framework in Embed Frameworks */,
				F5DCEB8D2A24FB4100D4C0E7 /* Transform.framework in Embed Frameworks */,
			);
			name = "Embed Frameworks";
			runOnlyForDeploymentPostprocessing = 0;
		};
/* End PBXCopyFilesBuildPhase section */

/* Begin PBXFileReference section */
		F51CD6BB2A2504DF000BF5ED /* Shaders.metal */ = {isa = PBXFileReference; lastKnownFileType = sourcecode.metal; path = Shaders.metal; sourceTree = "<group>"; };
		F51CD6BF2A251ECF000BF5ED /* Body.obj */ = {isa = PBXFileReference; fileEncoding = 4; lastKnownFileType = text; path = Body.obj; sourceTree = "<group>"; };
		F5DCEB3A2A24DFA400D4C0E7 /* RadialColorPicker.app */ = {isa = PBXFileReference; explicitFileType = wrapper.application; includeInIndex = 0; path = RadialColorPicker.app; sourceTree = BUILT_PRODUCTS_DIR; };
		F5DCEB3D2A24DFA400D4C0E7 /* RadialColorPickerApp.swift */ = {isa = PBXFileReference; lastKnownFileType = sourcecode.swift; path = RadialColorPickerApp.swift; sourceTree = "<group>"; };
		F5DCEB3F2A24DFA400D4C0E7 /* ContentView.swift */ = {isa = PBXFileReference; lastKnownFileType = sourcecode.swift; path = ContentView.swift; sourceTree = "<group>"; };
		F5DCEB412A24DFA500D4C0E7 /* Assets.xcassets */ = {isa = PBXFileReference; lastKnownFileType = folder.assetcatalog; path = Assets.xcassets; sourceTree = "<group>"; };
		F5DCEB432A24DFA500D4C0E7 /* RadialColorPicker.entitlements */ = {isa = PBXFileReference; lastKnownFileType = text.plist.entitlements; path = RadialColorPicker.entitlements; sourceTree = "<group>"; };
		F5DCEB452A24DFA500D4C0E7 /* Preview Assets.xcassets */ = {isa = PBXFileReference; lastKnownFileType = folder.assetcatalog; path = "Preview Assets.xcassets"; sourceTree = "<group>"; };
		F5DCEB4C2A24DFC700D4C0E7 /* Renderer.swift */ = {isa = PBXFileReference; lastKnownFileType = sourcecode.swift; path = Renderer.swift; sourceTree = "<group>"; };
		F5DCEB4E2A24E12C00D4C0E7 /* MTKViewContainer.swift */ = {isa = PBXFileReference; lastKnownFileType = sourcecode.swift; path = MTKViewContainer.swift; sourceTree = "<group>"; };
		F5DCEB502A24E25900D4C0E7 /* GPUDevice.swift */ = {isa = PBXFileReference; lastKnownFileType = sourcecode.swift; path = GPUDevice.swift; sourceTree = "<group>"; };
		F5DCEB522A24E41900D4C0E7 /* ShaderTypes.h */ = {isa = PBXFileReference; lastKnownFileType = sourcecode.c.h; path = ShaderTypes.h; sourceTree = "<group>"; };
		F5DCEB532A24E51700D4C0E7 /* RadialColorPicker-Bridging-Header.h */ = {isa = PBXFileReference; lastKnownFileType = sourcecode.c.h; path = "RadialColorPicker-Bridging-Header.h"; sourceTree = "<group>"; };
		F5DCEB572A24EAD800D4C0E7 /* GeometryLoader.swift */ = {isa = PBXFileReference; lastKnownFileType = sourcecode.swift; path = GeometryLoader.swift; sourceTree = "<group>"; };
		F5DCEB5A2A24EB1400D4C0E7 /* Matrix.xcodeproj */ = {isa = PBXFileReference; lastKnownFileType = "wrapper.pb-project"; name = Matrix.xcodeproj; path = ../Matrix/Matrix.xcodeproj; sourceTree = "<group>"; };
		F5DCEB632A24EB8C00D4C0E7 /* ModelIOTools.swift */ = {isa = PBXFileReference; lastKnownFileType = sourcecode.swift; path = ModelIOTools.swift; sourceTree = "<group>"; };
		F5DCEB652A24F6E500D4C0E7 /* Projections.swift */ = {isa = PBXFileReference; lastKnownFileType = sourcecode.swift; path = Projections.swift; sourceTree = "<group>"; };
		F5DCEB832A24FA9000D4C0E7 /* Transform.xcodeproj */ = {isa = PBXFileReference; lastKnownFileType = "wrapper.pb-project"; name = Transform.xcodeproj; path = ../Transform/Transform.xcodeproj; sourceTree = "<group>"; };
/* End PBXFileReference section */

/* Begin PBXFrameworksBuildPhase section */
		F5DCEB372A24DFA400D4C0E7 /* Frameworks */ = {
			isa = PBXFrameworksBuildPhase;
			buildActionMask = 2147483647;
			files = (
				F5DCEB602A24EB1C00D4C0E7 /* Matrix.framework in Frameworks */,
				F5DCEB8C2A24FB4100D4C0E7 /* Transform.framework in Frameworks */,
			);
			runOnlyForDeploymentPostprocessing = 0;
		};
/* End PBXFrameworksBuildPhase section */

/* Begin PBXGroup section */
		F5DCEB312A24DFA400D4C0E7 = {
			isa = PBXGroup;
			children = (
				F5DCEB3C2A24DFA400D4C0E7 /* RadialColorPicker */,
				F5DCEB3B2A24DFA400D4C0E7 /* Products */,
				F5DCEB592A24EB1400D4C0E7 /* Frameworks */,
			);
			sourceTree = "<group>";
		};
		F5DCEB3B2A24DFA400D4C0E7 /* Products */ = {
			isa = PBXGroup;
			children = (
				F5DCEB3A2A24DFA400D4C0E7 /* RadialColorPicker.app */,
			);
			name = Products;
			sourceTree = "<group>";
		};
		F5DCEB3C2A24DFA400D4C0E7 /* RadialColorPicker */ = {
			isa = PBXGroup;
			children = (
				F51CD6BF2A251ECF000BF5ED /* Body.obj */,
				F5DCEB3D2A24DFA400D4C0E7 /* RadialColorPickerApp.swift */,
				F5DCEB3F2A24DFA400D4C0E7 /* ContentView.swift */,
				F5DCEB412A24DFA500D4C0E7 /* Assets.xcassets */,
				F5DCEB432A24DFA500D4C0E7 /* RadialColorPicker.entitlements */,
				F5DCEB442A24DFA500D4C0E7 /* Preview Content */,
				F5DCEB4C2A24DFC700D4C0E7 /* Renderer.swift */,
				F5DCEB4E2A24E12C00D4C0E7 /* MTKViewContainer.swift */,
				F5DCEB502A24E25900D4C0E7 /* GPUDevice.swift */,
				F5DCEB522A24E41900D4C0E7 /* ShaderTypes.h */,
				F5DCEB532A24E51700D4C0E7 /* RadialColorPicker-Bridging-Header.h */,
				F5DCEB572A24EAD800D4C0E7 /* GeometryLoader.swift */,
				F5DCEB632A24EB8C00D4C0E7 /* ModelIOTools.swift */,
				F5DCEB652A24F6E500D4C0E7 /* Projections.swift */,
				F51CD6BB2A2504DF000BF5ED /* Shaders.metal */,
			);
			path = RadialColorPicker;
			sourceTree = "<group>";
		};
		F5DCEB442A24DFA500D4C0E7 /* Preview Content */ = {
			isa = PBXGroup;
			children = (
				F5DCEB452A24DFA500D4C0E7 /* Preview Assets.xcassets */,
			);
			path = "Preview Content";
			sourceTree = "<group>";
		};
		F5DCEB592A24EB1400D4C0E7 /* Frameworks */ = {
			isa = PBXGroup;
			children = (
				F5DCEB832A24FA9000D4C0E7 /* Transform.xcodeproj */,
				F5DCEB5A2A24EB1400D4C0E7 /* Matrix.xcodeproj */,
			);
			name = Frameworks;
			sourceTree = "<group>";
		};
		F5DCEB5B2A24EB1400D4C0E7 /* Products */ = {
			isa = PBXGroup;
			children = (
				F5DCEB5F2A24EB1400D4C0E7 /* Matrix.framework */,
			);
			name = Products;
			sourceTree = "<group>";
		};
		F5DCEB842A24FA9000D4C0E7 /* Products */ = {
			isa = PBXGroup;
			children = (
				F5DCEB882A24FA9000D4C0E7 /* Transform.framework */,
			);
			name = Products;
			sourceTree = "<group>";
		};
/* End PBXGroup section */

/* Begin PBXNativeTarget section */
		F5DCEB392A24DFA400D4C0E7 /* RadialColorPicker */ = {
			isa = PBXNativeTarget;
			buildConfigurationList = F5DCEB492A24DFA500D4C0E7 /* Build configuration list for PBXNativeTarget "RadialColorPicker" */;
			buildPhases = (
				F5DCEB362A24DFA400D4C0E7 /* Sources */,
				F5DCEB372A24DFA400D4C0E7 /* Frameworks */,
				F5DCEB382A24DFA400D4C0E7 /* Resources */,
				F5DCEB622A24EB1C00D4C0E7 /* Embed Frameworks */,
			);
			buildRules = (
			);
			dependencies = (
			);
			name = RadialColorPicker;
			productName = RadialColorPicker;
			productReference = F5DCEB3A2A24DFA400D4C0E7 /* RadialColorPicker.app */;
			productType = "com.apple.product-type.application";
		};
/* End PBXNativeTarget section */

/* Begin PBXProject section */
		F5DCEB322A24DFA400D4C0E7 /* Project object */ = {
			isa = PBXProject;
			attributes = {
				BuildIndependentTargetsInParallel = 1;
				LastSwiftUpdateCheck = 1430;
				LastUpgradeCheck = 1430;
				TargetAttributes = {
					F5DCEB392A24DFA400D4C0E7 = {
						CreatedOnToolsVersion = 14.3;
						LastSwiftMigration = 1430;
					};
				};
			};
			buildConfigurationList = F5DCEB352A24DFA400D4C0E7 /* Build configuration list for PBXProject "RadialColorPicker" */;
			compatibilityVersion = "Xcode 14.0";
			developmentRegion = en;
			hasScannedForEncodings = 0;
			knownRegions = (
				en,
				Base,
			);
			mainGroup = F5DCEB312A24DFA400D4C0E7;
			productRefGroup = F5DCEB3B2A24DFA400D4C0E7 /* Products */;
			projectDirPath = "";
			projectReferences = (
				{
					ProductGroup = F5DCEB5B2A24EB1400D4C0E7 /* Products */;
					ProjectRef = F5DCEB5A2A24EB1400D4C0E7 /* Matrix.xcodeproj */;
				},
				{
					ProductGroup = F5DCEB842A24FA9000D4C0E7 /* Products */;
					ProjectRef = F5DCEB832A24FA9000D4C0E7 /* Transform.xcodeproj */;
				},
			);
			projectRoot = "";
			targets = (
				F5DCEB392A24DFA400D4C0E7 /* RadialColorPicker */,
			);
		};
/* End PBXProject section */

/* Begin PBXReferenceProxy section */
		F5DCEB5F2A24EB1400D4C0E7 /* Matrix.framework */ = {
			isa = PBXReferenceProxy;
			fileType = wrapper.framework;
			path = Matrix.framework;
			remoteRef = F5DCEB5E2A24EB1400D4C0E7 /* PBXContainerItemProxy */;
			sourceTree = BUILT_PRODUCTS_DIR;
		};
		F5DCEB882A24FA9000D4C0E7 /* Transform.framework */ = {
			isa = PBXReferenceProxy;
			fileType = wrapper.framework;
			path = Transform.framework;
			remoteRef = F5DCEB872A24FA9000D4C0E7 /* PBXContainerItemProxy */;
			sourceTree = BUILT_PRODUCTS_DIR;
		};
/* End PBXReferenceProxy section */

/* Begin PBXResourcesBuildPhase section */
		F5DCEB382A24DFA400D4C0E7 /* Resources */ = {
			isa = PBXResourcesBuildPhase;
			buildActionMask = 2147483647;
			files = (
				F5DCEB462A24DFA500D4C0E7 /* Preview Assets.xcassets in Resources */,
				F51CD6C02A251ECF000BF5ED /* Body.obj in Resources */,
				F5DCEB422A24DFA500D4C0E7 /* Assets.xcassets in Resources */,
			);
			runOnlyForDeploymentPostprocessing = 0;
		};
/* End PBXResourcesBuildPhase section */

/* Begin PBXSourcesBuildPhase section */
		F5DCEB362A24DFA400D4C0E7 /* Sources */ = {
			isa = PBXSourcesBuildPhase;
			buildActionMask = 2147483647;
			files = (
				F5DCEB402A24DFA400D4C0E7 /* ContentView.swift in Sources */,
				F5DCEB642A24EB8C00D4C0E7 /* ModelIOTools.swift in Sources */,
				F5DCEB4D2A24DFC700D4C0E7 /* Renderer.swift in Sources */,
				F5DCEB3E2A24DFA400D4C0E7 /* RadialColorPickerApp.swift in Sources */,
				F5DCEB662A24F6E500D4C0E7 /* Projections.swift in Sources */,
				F5DCEB4F2A24E12C00D4C0E7 /* MTKViewContainer.swift in Sources */,
				F51CD6BC2A2504DF000BF5ED /* Shaders.metal in Sources */,
				F5DCEB582A24EAD800D4C0E7 /* GeometryLoader.swift in Sources */,
				F5DCEB512A24E25900D4C0E7 /* GPUDevice.swift in Sources */,
			);
			runOnlyForDeploymentPostprocessing = 0;
		};
/* End PBXSourcesBuildPhase section */

/* Begin XCBuildConfiguration section */
		F5DCEB472A24DFA500D4C0E7 /* Debug */ = {
			isa = XCBuildConfiguration;
			buildSettings = {
				ALWAYS_SEARCH_USER_PATHS = NO;
				CLANG_ANALYZER_NONNULL = YES;
				CLANG_ANALYZER_NUMBER_OBJECT_CONVERSION = YES_AGGRESSIVE;
				CLANG_CXX_LANGUAGE_STANDARD = "gnu++20";
				CLANG_ENABLE_MODULES = YES;
				CLANG_ENABLE_OBJC_ARC = YES;
				CLANG_ENABLE_OBJC_WEAK = YES;
				CLANG_WARN_BLOCK_CAPTURE_AUTORELEASING = YES;
				CLANG_WARN_BOOL_CONVERSION = YES;
				CLANG_WARN_COMMA = YES;
				CLANG_WARN_CONSTANT_CONVERSION = YES;
				CLANG_WARN_DEPRECATED_OBJC_IMPLEMENTATIONS = YES;
				CLANG_WARN_DIRECT_OBJC_ISA_USAGE = YES_ERROR;
				CLANG_WARN_DOCUMENTATION_COMMENTS = YES;
				CLANG_WARN_EMPTY_BODY = YES;
				CLANG_WARN_ENUM_CONVERSION = YES;
				CLANG_WARN_INFINITE_RECURSION = YES;
				CLANG_WARN_INT_CONVERSION = YES;
				CLANG_WARN_NON_LITERAL_NULL_CONVERSION = YES;
				CLANG_WARN_OBJC_IMPLICIT_RETAIN_SELF = YES;
				CLANG_WARN_OBJC_LITERAL_CONVERSION = YES;
				CLANG_WARN_OBJC_ROOT_CLASS = YES_ERROR;
				CLANG_WARN_QUOTED_INCLUDE_IN_FRAMEWORK_HEADER = YES;
				CLANG_WARN_RANGE_LOOP_ANALYSIS = YES;
				CLANG_WARN_STRICT_PROTOTYPES = YES;
				CLANG_WARN_SUSPICIOUS_MOVE = YES;
				CLANG_WARN_UNGUARDED_AVAILABILITY = YES_AGGRESSIVE;
				CLANG_WARN_UNREACHABLE_CODE = YES;
				CLANG_WARN__DUPLICATE_METHOD_MATCH = YES;
				COPY_PHASE_STRIP = NO;
				DEBUG_INFORMATION_FORMAT = dwarf;
				ENABLE_STRICT_OBJC_MSGSEND = YES;
				ENABLE_TESTABILITY = YES;
				GCC_C_LANGUAGE_STANDARD = gnu11;
				GCC_DYNAMIC_NO_PIC = NO;
				GCC_NO_COMMON_BLOCKS = YES;
				GCC_OPTIMIZATION_LEVEL = 0;
				GCC_PREPROCESSOR_DEFINITIONS = (
					"DEBUG=1",
					"$(inherited)",
				);
				GCC_WARN_64_TO_32_BIT_CONVERSION = YES;
				GCC_WARN_ABOUT_RETURN_TYPE = YES_ERROR;
				GCC_WARN_UNDECLARED_SELECTOR = YES;
				GCC_WARN_UNINITIALIZED_AUTOS = YES_AGGRESSIVE;
				GCC_WARN_UNUSED_FUNCTION = YES;
				GCC_WARN_UNUSED_VARIABLE = YES;
				MTL_ENABLE_DEBUG_INFO = INCLUDE_SOURCE;
				MTL_FAST_MATH = YES;
				ONLY_ACTIVE_ARCH = YES;
				SWIFT_ACTIVE_COMPILATION_CONDITIONS = DEBUG;
				SWIFT_OPTIMIZATION_LEVEL = "-Onone";
			};
			name = Debug;
		};
		F5DCEB482A24DFA500D4C0E7 /* Release */ = {
			isa = XCBuildConfiguration;
			buildSettings = {
				ALWAYS_SEARCH_USER_PATHS = NO;
				CLANG_ANALYZER_NONNULL = YES;
				CLANG_ANALYZER_NUMBER_OBJECT_CONVERSION = YES_AGGRESSIVE;
				CLANG_CXX_LANGUAGE_STANDARD = "gnu++20";
				CLANG_ENABLE_MODULES = YES;
				CLANG_ENABLE_OBJC_ARC = YES;
				CLANG_ENABLE_OBJC_WEAK = YES;
				CLANG_WARN_BLOCK_CAPTURE_AUTORELEASING = YES;
				CLANG_WARN_BOOL_CONVERSION = YES;
				CLANG_WARN_COMMA = YES;
				CLANG_WARN_CONSTANT_CONVERSION = YES;
				CLANG_WARN_DEPRECATED_OBJC_IMPLEMENTATIONS = YES;
				CLANG_WARN_DIRECT_OBJC_ISA_USAGE = YES_ERROR;
				CLANG_WARN_DOCUMENTATION_COMMENTS = YES;
				CLANG_WARN_EMPTY_BODY = YES;
				CLANG_WARN_ENUM_CONVERSION = YES;
				CLANG_WARN_INFINITE_RECURSION = YES;
				CLANG_WARN_INT_CONVERSION = YES;
				CLANG_WARN_NON_LITERAL_NULL_CONVERSION = YES;
				CLANG_WARN_OBJC_IMPLICIT_RETAIN_SELF = YES;
				CLANG_WARN_OBJC_LITERAL_CONVERSION = YES;
				CLANG_WARN_OBJC_ROOT_CLASS = YES_ERROR;
				CLANG_WARN_QUOTED_INCLUDE_IN_FRAMEWORK_HEADER = YES;
				CLANG_WARN_RANGE_LOOP_ANALYSIS = YES;
				CLANG_WARN_STRICT_PROTOTYPES = YES;
				CLANG_WARN_SUSPICIOUS_MOVE = YES;
				CLANG_WARN_UNGUARDED_AVAILABILITY = YES_AGGRESSIVE;
				CLANG_WARN_UNREACHABLE_CODE = YES;
				CLANG_WARN__DUPLICATE_METHOD_MATCH = YES;
				COPY_PHASE_STRIP = NO;
				DEBUG_INFORMATION_FORMAT = "dwarf-with-dsym";
				ENABLE_NS_ASSERTIONS = NO;
				ENABLE_STRICT_OBJC_MSGSEND = YES;
				GCC_C_LANGUAGE_STANDARD = gnu11;
				GCC_NO_COMMON_BLOCKS = YES;
				GCC_WARN_64_TO_32_BIT_CONVERSION = YES;
				GCC_WARN_ABOUT_RETURN_TYPE = YES_ERROR;
				GCC_WARN_UNDECLARED_SELECTOR = YES;
				GCC_WARN_UNINITIALIZED_AUTOS = YES_AGGRESSIVE;
				GCC_WARN_UNUSED_FUNCTION = YES;
				GCC_WARN_UNUSED_VARIABLE = YES;
				MTL_ENABLE_DEBUG_INFO = NO;
				MTL_FAST_MATH = YES;
				SWIFT_COMPILATION_MODE = wholemodule;
				SWIFT_OPTIMIZATION_LEVEL = "-O";
			};
			name = Release;
		};
		F5DCEB4A2A24DFA500D4C0E7 /* Debug */ = {
			isa = XCBuildConfiguration;
			buildSettings = {
				ASSETCATALOG_COMPILER_APPICON_NAME = AppIcon;
				ASSETCATALOG_COMPILER_GLOBAL_ACCENT_COLOR_NAME = AccentColor;
				CLANG_ENABLE_MODULES = YES;
				CODE_SIGN_ENTITLEMENTS = RadialColorPicker/RadialColorPicker.entitlements;
				CODE_SIGN_STYLE = Automatic;
				CURRENT_PROJECT_VERSION = 1;
				DEVELOPMENT_ASSET_PATHS = "\"RadialColorPicker/Preview Content\"";
				DEVELOPMENT_TEAM = 6GQ3B4E7Z3;
				ENABLE_HARDENED_RUNTIME = YES;
				ENABLE_PREVIEWS = YES;
				GENERATE_INFOPLIST_FILE = YES;
				"INFOPLIST_KEY_UIApplicationSceneManifest_Generation[sdk=iphoneos*]" = YES;
				"INFOPLIST_KEY_UIApplicationSceneManifest_Generation[sdk=iphonesimulator*]" = YES;
				"INFOPLIST_KEY_UIApplicationSupportsIndirectInputEvents[sdk=iphoneos*]" = YES;
				"INFOPLIST_KEY_UIApplicationSupportsIndirectInputEvents[sdk=iphonesimulator*]" = YES;
				"INFOPLIST_KEY_UILaunchScreen_Generation[sdk=iphoneos*]" = YES;
				"INFOPLIST_KEY_UILaunchScreen_Generation[sdk=iphonesimulator*]" = YES;
				"INFOPLIST_KEY_UIStatusBarStyle[sdk=iphoneos*]" = UIStatusBarStyleDefault;
				"INFOPLIST_KEY_UIStatusBarStyle[sdk=iphonesimulator*]" = UIStatusBarStyleDefault;
				INFOPLIST_KEY_UISupportedInterfaceOrientations_iPad = "UIInterfaceOrientationPortrait UIInterfaceOrientationPortraitUpsideDown UIInterfaceOrientationLandscapeLeft UIInterfaceOrientationLandscapeRight";
				INFOPLIST_KEY_UISupportedInterfaceOrientations_iPhone = "UIInterfaceOrientationPortrait UIInterfaceOrientationLandscapeLeft UIInterfaceOrientationLandscapeRight";
				IPHONEOS_DEPLOYMENT_TARGET = 16.4;
				LD_RUNPATH_SEARCH_PATHS = "@executable_path/Frameworks";
				"LD_RUNPATH_SEARCH_PATHS[sdk=macosx*]" = "@executable_path/../Frameworks";
				MACOSX_DEPLOYMENT_TARGET = 13.3;
				MARKETING_VERSION = 1.0;
				PRODUCT_BUNDLE_IDENTIFIER = com.Thingoteam.RadialColorPicker;
				PRODUCT_NAME = "$(TARGET_NAME)";
				SDKROOT = auto;
				SUPPORTED_PLATFORMS = "iphoneos iphonesimulator macosx";
				SWIFT_EMIT_LOC_STRINGS = YES;
				SWIFT_OBJC_BRIDGING_HEADER = "RadialColorPicker/RadialColorPicker-Bridging-Header.h";
				SWIFT_OPTIMIZATION_LEVEL = "-Onone";
				SWIFT_VERSION = 5.0;
				TARGETED_DEVICE_FAMILY = "1,2";
			};
			name = Debug;
		};
		F5DCEB4B2A24DFA500D4C0E7 /* Release */ = {
			isa = XCBuildConfiguration;
			buildSettings = {
				ASSETCATALOG_COMPILER_APPICON_NAME = AppIcon;
				ASSETCATALOG_COMPILER_GLOBAL_ACCENT_COLOR_NAME = AccentColor;
				CLANG_ENABLE_MODULES = YES;
				CODE_SIGN_ENTITLEMENTS = RadialColorPicker/RadialColorPicker.entitlements;
				CODE_SIGN_STYLE = Automatic;
				CURRENT_PROJECT_VERSION = 1;
				DEVELOPMENT_ASSET_PATHS = "\"RadialColorPicker/Preview Content\"";
				DEVELOPMENT_TEAM = 6GQ3B4E7Z3;
				ENABLE_HARDENED_RUNTIME = YES;
				ENABLE_PREVIEWS = YES;
				GENERATE_INFOPLIST_FILE = YES;
				"INFOPLIST_KEY_UIApplicationSceneManifest_Generation[sdk=iphoneos*]" = YES;
				"INFOPLIST_KEY_UIApplicationSceneManifest_Generation[sdk=iphonesimulator*]" = YES;
				"INFOPLIST_KEY_UIApplicationSupportsIndirectInputEvents[sdk=iphoneos*]" = YES;
				"INFOPLIST_KEY_UIApplicationSupportsIndirectInputEvents[sdk=iphonesimulator*]" = YES;
				"INFOPLIST_KEY_UILaunchScreen_Generation[sdk=iphoneos*]" = YES;
				"INFOPLIST_KEY_UILaunchScreen_Generation[sdk=iphonesimulator*]" = YES;
				"INFOPLIST_KEY_UIStatusBarStyle[sdk=iphoneos*]" = UIStatusBarStyleDefault;
				"INFOPLIST_KEY_UIStatusBarStyle[sdk=iphonesimulator*]" = UIStatusBarStyleDefault;
				INFOPLIST_KEY_UISupportedInterfaceOrientations_iPad = "UIInterfaceOrientationPortrait UIInterfaceOrientationPortraitUpsideDown UIInterfaceOrientationLandscapeLeft UIInterfaceOrientationLandscapeRight";
				INFOPLIST_KEY_UISupportedInterfaceOrientations_iPhone = "UIInterfaceOrientationPortrait UIInterfaceOrientationLandscapeLeft UIInterfaceOrientationLandscapeRight";
				IPHONEOS_DEPLOYMENT_TARGET = 16.4;
				LD_RUNPATH_SEARCH_PATHS = "@executable_path/Frameworks";
				"LD_RUNPATH_SEARCH_PATHS[sdk=macosx*]" = "@executable_path/../Frameworks";
				MACOSX_DEPLOYMENT_TARGET = 13.3;
				MARKETING_VERSION = 1.0;
				PRODUCT_BUNDLE_IDENTIFIER = com.Thingoteam.RadialColorPicker;
				PRODUCT_NAME = "$(TARGET_NAME)";
				SDKROOT = auto;
				SUPPORTED_PLATFORMS = "iphoneos iphonesimulator macosx";
				SWIFT_EMIT_LOC_STRINGS = YES;
				SWIFT_OBJC_BRIDGING_HEADER = "RadialColorPicker/RadialColorPicker-Bridging-Header.h";
				SWIFT_VERSION = 5.0;
				TARGETED_DEVICE_FAMILY = "1,2";
			};
			name = Release;
		};
/* End XCBuildConfiguration section */

/* Begin XCConfigurationList section */
		F5DCEB352A24DFA400D4C0E7 /* Build configuration list for PBXProject "RadialColorPicker" */ = {
			isa = XCConfigurationList;
			buildConfigurations = (
				F5DCEB472A24DFA500D4C0E7 /* Debug */,
				F5DCEB482A24DFA500D4C0E7 /* Release */,
			);
			defaultConfigurationIsVisible = 0;
			defaultConfigurationName = Release;
		};
		F5DCEB492A24DFA500D4C0E7 /* Build configuration list for PBXNativeTarget "RadialColorPicker" */ = {
			isa = XCConfigurationList;
			buildConfigurations = (
				F5DCEB4A2A24DFA500D4C0E7 /* Debug */,
				F5DCEB4B2A24DFA500D4C0E7 /* Release */,
			);
			defaultConfigurationIsVisible = 0;
			defaultConfigurationName = Release;
		};
/* End XCConfigurationList section */
	};
	rootObject = F5DCEB322A24DFA400D4C0E7 /* Project object */;
}
